
Microsoft Visual Studio Solution File, Format Version 12.00
# Visual Studio Version 17
VisualStudioVersion = 17.2.32526.322
MinimumVisualStudioVersion = 10.0.40219.1
Project("{FAE04EC0-301F-11D3-BF4B-00C04F79EFBC}") = "Proyectogasolina", "Proyectogasolina\Proyectogasolina.csproj", "{526EF14F-3EC2-4D33-8620-CF6925B2B1DF}"
EndProject
Global
	GlobalSection(SolutionConfigurationPlatforms) = preSolution
		Debug|Any CPU = Debug|Any CPU
		Release|Any CPU = Release|Any CPU
	EndGlobalSection
	GlobalSection(ProjectConfigurationPlatforms) = postSolution
		{526EF14F-3EC2-4D33-8620-CF6925B2B1DF}.Debug|Any CPU.ActiveCfg = Debug|Any CPU
		{526EF14F-3EC2-4D33-8620-CF6925B2B1DF}.Debug|Any CPU.Build.0 = Debug|Any CPU
		{526EF14F-3EC2-4D33-8620-CF6925B2B1DF}.Release|Any CPU.ActiveCfg = Release|Any CPU
		{526EF14F-3EC2-4D33-8620-CF6925B2B1DF}.Release|Any CPU.Build.0 = Release|Any CPU
	EndGlobalSection
	GlobalSection(SolutionProperties) = preSolution
		HideSolutionNode = FALSE
	EndGlobalSection
	GlobalSection(ExtensibilityGlobals) = postSolution
		SolutionGuid = {822746AF-9EC9-442D-8750-4540C5DBCB2A}
	EndGlobalSection
EndGlobal
